
Microsoft Visual Studio Solution File, Format Version 12.00
# Visual Studio Version 17
VisualStudioVersion = 17.9.34723.18
MinimumVisualStudioVersion = 10.0.40219.1
Project("{FAE04EC0-301F-11D3-BF4B-00C04F79EFBC}") = "lesson1", "lesson1.csproj", "{015A59D9-4B81-4498-9FC8-555B69217C2E}"
EndProject
Global
	GlobalSection(SolutionConfigurationPlatforms) = preSolution
		Debug|Any CPU = Debug|Any CPU
		Release|Any CPU = Release|Any CPU
	EndGlobalSection
	GlobalSection(ProjectConfigurationPlatforms) = postSolution
		{015A59D9-4B81-4498-9FC8-555B69217C2E}.Debug|Any CPU.ActiveCfg = Debug|Any CPU
		{015A59D9-4B81-4498-9FC8-555B69217C2E}.Debug|Any CPU.Build.0 = Debug|Any CPU
		{015A59D9-4B81-4498-9FC8-555B69217C2E}.Release|Any CPU.ActiveCfg = Release|Any CPU
		{015A59D9-4B81-4498-9FC8-555B69217C2E}.Release|Any CPU.Build.0 = Release|Any CPU
	EndGlobalSection
	GlobalSection(SolutionProperties) = preSolution
		HideSolutionNode = FALSE
	EndGlobalSection
	GlobalSection(ExtensibilityGlobals) = postSolution
		SolutionGuid = {960EB5F0-720C-462F-92BB-0AAF663D77E9}
	EndGlobalSection
EndGlobal
